// !$*UTF8*$!
{
	archiveVersion = 1;
	classes = {
	};
	objectVersion = 56;
	objects = {

/* Begin PBXBuildFile section */
		411C62292AB0EDE900BB4E78 /* HuluPizzaApp.swift in Sources */ = {isa = PBXBuildFile; fileRef = 411C62282AB0EDE900BB4E78 /* HuluPizzaApp.swift */; };
		411C622B2AB0EDE900BB4E78 /* ContentView.swift in Sources */ = {isa = PBXBuildFile; fileRef = 411C622A2AB0EDE900BB4E78 /* ContentView.swift */; };
		411C622D2AB0EDEA00BB4E78 /* Assets.xcassets in Resources */ = {isa = PBXBuildFile; fileRef = 411C622C2AB0EDEA00BB4E78 /* Assets.xcassets */; };
		411C62302AB0EDEA00BB4E78 /* Preview Assets.xcassets in Resources */ = {isa = PBXBuildFile; fileRef = 411C622F2AB0EDEA00BB4E78 /* Preview Assets.xcassets */; };
		411C62372AB0F3EE00BB4E78 /* OrderView.swift in Sources */ = {isa = PBXBuildFile; fileRef = 411C62362AB0F3EE00BB4E78 /* OrderView.swift */; };
		411C62392AB0F44600BB4E78 /* MenuItemView.swift in Sources */ = {isa = PBXBuildFile; fileRef = 411C62382AB0F44600BB4E78 /* MenuItemView.swift */; };
		411C623B2AB0F45400BB4E78 /* MenuRowView.swift in Sources */ = {isa = PBXBuildFile; fileRef = 411C623A2AB0F45400BB4E78 /* MenuRowView.swift */; };
		411C623D2AB0F46000BB4E78 /* MenuView.swift in Sources */ = {isa = PBXBuildFile; fileRef = 411C623C2AB0F46000BB4E78 /* MenuView.swift */; };
		411C623F2AB0F46B00BB4E78 /* OrderRowView.swift in Sources */ = {isa = PBXBuildFile; fileRef = 411C623E2AB0F46B00BB4E78 /* OrderRowView.swift */; };
		411C62412AB0F47700BB4E78 /* HeaderView.swift in Sources */ = {isa = PBXBuildFile; fileRef = 411C62402AB0F47700BB4E78 /* HeaderView.swift */; };
		411C62432AB0FBE800BB4E78 /* RatingsView.swift in Sources */ = {isa = PBXBuildFile; fileRef = 411C62422AB0FBE800BB4E78 /* RatingsView.swift */; };
		418B79E52AB2417000B542D1 /* OrderModel.swift in Sources */ = {isa = PBXBuildFile; fileRef = 418B79E42AB2417000B542D1 /* OrderModel.swift */; };
		418B79E72AB2417D00B542D1 /* MenuItem.swift in Sources */ = {isa = PBXBuildFile; fileRef = 418B79E62AB2417D00B542D1 /* MenuItem.swift */; };
		418B79E92AB2418B00B542D1 /* OrderItem.swift in Sources */ = {isa = PBXBuildFile; fileRef = 418B79E82AB2418B00B542D1 /* OrderItem.swift */; };
		418B79EB2AB2419B00B542D1 /* MenuModel.swift in Sources */ = {isa = PBXBuildFile; fileRef = 418B79EA2AB2419B00B542D1 /* MenuModel.swift */; };
		41FED99C2AB4E17C0072DB74 /* StatusBarView.swift in Sources */ = {isa = PBXBuildFile; fileRef = 41FED99B2AB4E17C0072DB74 /* StatusBarView.swift */; };
		41FED99E2AB4E3910072DB74 /* OrderItemView.swift in Sources */ = {isa = PBXBuildFile; fileRef = 41FED99D2AB4E3910072DB74 /* OrderItemView.swift */; };
		41FED9A02AB4EBD40072DB74 /* MenuItemTileView.swift in Sources */ = {isa = PBXBuildFile; fileRef = 41FED99F2AB4EBD40072DB74 /* MenuItemTileView.swift */; };
		41FED9A22AB4EBF40072DB74 /* MenuGridView.swift in Sources */ = {isa = PBXBuildFile; fileRef = 41FED9A12AB4EBF40072DB74 /* MenuGridView.swift */; };
		41FED9A42AB4EDD60072DB74 /* FavoriteTileView.swift in Sources */ = {isa = PBXBuildFile; fileRef = 41FED9A32AB4EDD60072DB74 /* FavoriteTileView.swift */; };
		41FED9A62AB88A710072DB74 /* OrderDetailView.swift in Sources */ = {isa = PBXBuildFile; fileRef = 41FED9A52AB88A710072DB74 /* OrderDetailView.swift */; };
		41FED9C22AB8DACD0072DB74 /* MenuView2.swift in Sources */ = {isa = PBXBuildFile; fileRef = 41FED9C12AB8DACD0072DB74 /* MenuView2.swift */; };
		41FED9C42AB8DCB90072DB74 /* MenuDetailView.swift in Sources */ = {isa = PBXBuildFile; fileRef = 41FED9C32AB8DCB90072DB74 /* MenuDetailView.swift */; };
		41FED9C62AB8ED6D0072DB74 /* MenuView3.swift in Sources */ = {isa = PBXBuildFile; fileRef = 41FED9C52AB8ED6D0072DB74 /* MenuView3.swift */; };
		41FED9C82AB9D5620072DB74 /* Main.storyboard in Resources */ = {isa = PBXBuildFile; fileRef = 41FED9C72AB9D5620072DB74 /* Main.storyboard */; };
		41FED9CA2AB9D64C0072DB74 /* ViewController.swift in Sources */ = {isa = PBXBuildFile; fileRef = 41FED9C92AB9D64C0072DB74 /* ViewController.swift */; };
		41FED9CF2AB9D8BE0072DB74 /* PhotoController.swift in Sources */ = {isa = PBXBuildFile; fileRef = 41FED9CE2AB9D8BE0072DB74 /* PhotoController.swift */; };
/* End PBXBuildFile section */

/* Begin PBXFileReference section */
		411C62252AB0EDE900BB4E78 /* HuluPizza.app */ = {isa = PBXFileReference; explicitFileType = wrapper.application; includeInIndex = 0; path = HuluPizza.app; sourceTree = BUILT_PRODUCTS_DIR; };
		411C62282AB0EDE900BB4E78 /* HuluPizzaApp.swift */ = {isa = PBXFileReference; lastKnownFileType = sourcecode.swift; path = HuluPizzaApp.swift; sourceTree = "<group>"; };
		411C622A2AB0EDE900BB4E78 /* ContentView.swift */ = {isa = PBXFileReference; lastKnownFileType = sourcecode.swift; path = ContentView.swift; sourceTree = "<group>"; };
		411C622C2AB0EDEA00BB4E78 /* Assets.xcassets */ = {isa = PBXFileReference; lastKnownFileType = folder.assetcatalog; path = Assets.xcassets; sourceTree = "<group>"; };
		411C622F2AB0EDEA00BB4E78 /* Preview Assets.xcassets */ = {isa = PBXFileReference; lastKnownFileType = folder.assetcatalog; path = "Preview Assets.xcassets"; sourceTree = "<group>"; };
		411C62362AB0F3EE00BB4E78 /* OrderView.swift */ = {isa = PBXFileReference; lastKnownFileType = sourcecode.swift; path = OrderView.swift; sourceTree = "<group>"; };
		411C62382AB0F44600BB4E78 /* MenuItemView.swift */ = {isa = PBXFileReference; lastKnownFileType = sourcecode.swift; path = MenuItemView.swift; sourceTree = "<group>"; };
		411C623A2AB0F45400BB4E78 /* MenuRowView.swift */ = {isa = PBXFileReference; lastKnownFileType = sourcecode.swift; path = MenuRowView.swift; sourceTree = "<group>"; };
		411C623C2AB0F46000BB4E78 /* MenuView.swift */ = {isa = PBXFileReference; lastKnownFileType = sourcecode.swift; path = MenuView.swift; sourceTree = "<group>"; };
		411C623E2AB0F46B00BB4E78 /* OrderRowView.swift */ = {isa = PBXFileReference; lastKnownFileType = sourcecode.swift; path = OrderRowView.swift; sourceTree = "<group>"; };
		411C62402AB0F47700BB4E78 /* HeaderView.swift */ = {isa = PBXFileReference; lastKnownFileType = sourcecode.swift; path = HeaderView.swift; sourceTree = "<group>"; };
		411C62422AB0FBE800BB4E78 /* RatingsView.swift */ = {isa = PBXFileReference; lastKnownFileType = sourcecode.swift; path = RatingsView.swift; sourceTree = "<group>"; };
		418B79E42AB2417000B542D1 /* OrderModel.swift */ = {isa = PBXFileReference; lastKnownFileType = sourcecode.swift; path = OrderModel.swift; sourceTree = "<group>"; };
		418B79E62AB2417D00B542D1 /* MenuItem.swift */ = {isa = PBXFileReference; lastKnownFileType = sourcecode.swift; path = MenuItem.swift; sourceTree = "<group>"; };
		418B79E82AB2418B00B542D1 /* OrderItem.swift */ = {isa = PBXFileReference; lastKnownFileType = sourcecode.swift; path = OrderItem.swift; sourceTree = "<group>"; };
		418B79EA2AB2419B00B542D1 /* MenuModel.swift */ = {isa = PBXFileReference; lastKnownFileType = sourcecode.swift; path = MenuModel.swift; sourceTree = "<group>"; };
		41FED99B2AB4E17C0072DB74 /* StatusBarView.swift */ = {isa = PBXFileReference; lastKnownFileType = sourcecode.swift; path = StatusBarView.swift; sourceTree = "<group>"; };
		41FED99D2AB4E3910072DB74 /* OrderItemView.swift */ = {isa = PBXFileReference; lastKnownFileType = sourcecode.swift; path = OrderItemView.swift; sourceTree = "<group>"; };
		41FED99F2AB4EBD40072DB74 /* MenuItemTileView.swift */ = {isa = PBXFileReference; lastKnownFileType = sourcecode.swift; path = MenuItemTileView.swift; sourceTree = "<group>"; };
		41FED9A12AB4EBF40072DB74 /* MenuGridView.swift */ = {isa = PBXFileReference; lastKnownFileType = sourcecode.swift; path = MenuGridView.swift; sourceTree = "<group>"; };
		41FED9A32AB4EDD60072DB74 /* FavoriteTileView.swift */ = {isa = PBXFileReference; lastKnownFileType = sourcecode.swift; path = FavoriteTileView.swift; sourceTree = "<group>"; };
		41FED9A52AB88A710072DB74 /* OrderDetailView.swift */ = {isa = PBXFileReference; lastKnownFileType = sourcecode.swift; path = OrderDetailView.swift; sourceTree = "<group>"; };
		41FED9C12AB8DACD0072DB74 /* MenuView2.swift */ = {isa = PBXFileReference; lastKnownFileType = sourcecode.swift; path = MenuView2.swift; sourceTree = "<group>"; };
		41FED9C32AB8DCB90072DB74 /* MenuDetailView.swift */ = {isa = PBXFileReference; lastKnownFileType = sourcecode.swift; path = MenuDetailView.swift; sourceTree = "<group>"; };
		41FED9C52AB8ED6D0072DB74 /* MenuView3.swift */ = {isa = PBXFileReference; lastKnownFileType = sourcecode.swift; path = MenuView3.swift; sourceTree = "<group>"; };
		41FED9C72AB9D5620072DB74 /* Main.storyboard */ = {isa = PBXFileReference; lastKnownFileType = file.storyboard; path = Main.storyboard; sourceTree = "<group>"; };
		41FED9C92AB9D64C0072DB74 /* ViewController.swift */ = {isa = PBXFileReference; lastKnownFileType = sourcecode.swift; path = ViewController.swift; sourceTree = "<group>"; };
		41FED9CE2AB9D8BE0072DB74 /* PhotoController.swift */ = {isa = PBXFileReference; lastKnownFileType = sourcecode.swift; path = PhotoController.swift; sourceTree = "<group>"; };
/* End PBXFileReference section */

/* Begin PBXFrameworksBuildPhase section */
		411C62222AB0EDE900BB4E78 /* Frameworks */ = {
			isa = PBXFrameworksBuildPhase;
			buildActionMask = 2147483647;
			files = (
			);
			runOnlyForDeploymentPostprocessing = 0;
		};
/* End PBXFrameworksBuildPhase section */

/* Begin PBXGroup section */
		411C621C2AB0EDE900BB4E78 = {
			isa = PBXGroup;
			children = (
				411C62272AB0EDE900BB4E78 /* HuluPizza */,
				411C62262AB0EDE900BB4E78 /* Products */,
			);
			sourceTree = "<group>";
		};
		411C62262AB0EDE900BB4E78 /* Products */ = {
			isa = PBXGroup;
			children = (
				411C62252AB0EDE900BB4E78 /* HuluPizza.app */,
			);
			name = Products;
			sourceTree = "<group>";
		};
		411C62272AB0EDE900BB4E78 /* HuluPizza */ = {
			isa = PBXGroup;
			children = (
				411C62282AB0EDE900BB4E78 /* HuluPizzaApp.swift */,
				411C622A2AB0EDE900BB4E78 /* ContentView.swift */,
				41FED9CB2AB9D7800072DB74 /* UIKit */,
				41FED9CC2AB9D7950072DB74 /* Menu */,
				41FED9CD2AB9D7BC0072DB74 /* Order */,
				418B79DF2AB23E8F00B542D1 /* Model */,
				411C622C2AB0EDEA00BB4E78 /* Assets.xcassets */,
				411C622E2AB0EDEA00BB4E78 /* Preview Content */,
			);
			path = HuluPizza;
			sourceTree = "<group>";
		};
		411C622E2AB0EDEA00BB4E78 /* Preview Content */ = {
			isa = PBXGroup;
			children = (
				411C622F2AB0EDEA00BB4E78 /* Preview Assets.xcassets */,
			);
			path = "Preview Content";
			sourceTree = "<group>";
		};
		418B79DF2AB23E8F00B542D1 /* Model */ = {
			isa = PBXGroup;
			children = (
				418B79E42AB2417000B542D1 /* OrderModel.swift */,
				418B79E62AB2417D00B542D1 /* MenuItem.swift */,
				418B79E82AB2418B00B542D1 /* OrderItem.swift */,
				418B79EA2AB2419B00B542D1 /* MenuModel.swift */,
			);
			path = Model;
			sourceTree = "<group>";
		};
		41FED9CB2AB9D7800072DB74 /* UIKit */ = {
			isa = PBXGroup;
			children = (
				41FED9C72AB9D5620072DB74 /* Main.storyboard */,
				41FED9C92AB9D64C0072DB74 /* ViewController.swift */,
				41FED9CE2AB9D8BE0072DB74 /* PhotoController.swift */,
			);
			path = UIKit;
			sourceTree = "<group>";
		};
		41FED9CC2AB9D7950072DB74 /* Menu */ = {
			isa = PBXGroup;
			children = (
				411C62422AB0FBE800BB4E78 /* RatingsView.swift */,
				411C62402AB0F47700BB4E78 /* HeaderView.swift */,
				41FED9C12AB8DACD0072DB74 /* MenuView2.swift */,
				41FED9C52AB8ED6D0072DB74 /* MenuView3.swift */,
				41FED9C32AB8DCB90072DB74 /* MenuDetailView.swift */,
				411C62382AB0F44600BB4E78 /* MenuItemView.swift */,
				411C623A2AB0F45400BB4E78 /* MenuRowView.swift */,
				411C623C2AB0F46000BB4E78 /* MenuView.swift */,
				41FED99F2AB4EBD40072DB74 /* MenuItemTileView.swift */,
				41FED9A12AB4EBF40072DB74 /* MenuGridView.swift */,
				41FED9A32AB4EDD60072DB74 /* FavoriteTileView.swift */,
			);
			path = Menu;
			sourceTree = "<group>";
		};
		41FED9CD2AB9D7BC0072DB74 /* Order */ = {
			isa = PBXGroup;
			children = (
				41FED99B2AB4E17C0072DB74 /* StatusBarView.swift */,
				41FED99D2AB4E3910072DB74 /* OrderItemView.swift */,
				41FED9A52AB88A710072DB74 /* OrderDetailView.swift */,
				411C62362AB0F3EE00BB4E78 /* OrderView.swift */,
				411C623E2AB0F46B00BB4E78 /* OrderRowView.swift */,
			);
			path = Order;
			sourceTree = "<group>";
		};
/* End PBXGroup section */

/* Begin PBXNativeTarget section */
		411C62242AB0EDE900BB4E78 /* HuluPizza */ = {
			isa = PBXNativeTarget;
			buildConfigurationList = 411C62332AB0EDEA00BB4E78 /* Build configuration list for PBXNativeTarget "HuluPizza" */;
			buildPhases = (
				411C62212AB0EDE900BB4E78 /* Sources */,
				411C62222AB0EDE900BB4E78 /* Frameworks */,
				411C62232AB0EDE900BB4E78 /* Resources */,
			);
			buildRules = (
			);
			dependencies = (
			);
			name = HuluPizza;
			productName = HuluPizza;
			productReference = 411C62252AB0EDE900BB4E78 /* HuluPizza.app */;
			productType = "com.apple.product-type.application";
		};
/* End PBXNativeTarget section */

/* Begin PBXProject section */
		411C621D2AB0EDE900BB4E78 /* Project object */ = {
			isa = PBXProject;
			attributes = {
				BuildIndependentTargetsInParallel = 1;
				LastSwiftUpdateCheck = 1430;
				LastUpgradeCheck = 1430;
				TargetAttributes = {
					411C62242AB0EDE900BB4E78 = {
						CreatedOnToolsVersion = 14.3.1;
					};
				};
			};
			buildConfigurationList = 411C62202AB0EDE900BB4E78 /* Build configuration list for PBXProject "HuluPizza" */;
			compatibilityVersion = "Xcode 14.0";
			developmentRegion = en;
			hasScannedForEncodings = 0;
			knownRegions = (
				en,
				Base,
			);
			mainGroup = 411C621C2AB0EDE900BB4E78;
			productRefGroup = 411C62262AB0EDE900BB4E78 /* Products */;
			projectDirPath = "";
			projectRoot = "";
			targets = (
				411C62242AB0EDE900BB4E78 /* HuluPizza */,
			);
		};
/* End PBXProject section */

/* Begin PBXResourcesBuildPhase section */
		411C62232AB0EDE900BB4E78 /* Resources */ = {
			isa = PBXResourcesBuildPhase;
			buildActionMask = 2147483647;
			files = (
				41FED9C82AB9D5620072DB74 /* Main.storyboard in Resources */,
				411C62302AB0EDEA00BB4E78 /* Preview Assets.xcassets in Resources */,
				411C622D2AB0EDEA00BB4E78 /* Assets.xcassets in Resources */,
			);
			runOnlyForDeploymentPostprocessing = 0;
		};
/* End PBXResourcesBuildPhase section */

/* Begin PBXSourcesBuildPhase section */
		411C62212AB0EDE900BB4E78 /* Sources */ = {
			isa = PBXSourcesBuildPhase;
			buildActionMask = 2147483647;
			files = (
				411C62392AB0F44600BB4E78 /* MenuItemView.swift in Sources */,
				411C623D2AB0F46000BB4E78 /* MenuView.swift in Sources */,
				41FED9A42AB4EDD60072DB74 /* FavoriteTileView.swift in Sources */,
				41FED9C42AB8DCB90072DB74 /* MenuDetailView.swift in Sources */,
				418B79E52AB2417000B542D1 /* OrderModel.swift in Sources */,
				411C62372AB0F3EE00BB4E78 /* OrderView.swift in Sources */,
				41FED9CF2AB9D8BE0072DB74 /* PhotoController.swift in Sources */,
				411C622B2AB0EDE900BB4E78 /* ContentView.swift in Sources */,
				41FED9CA2AB9D64C0072DB74 /* ViewController.swift in Sources */,
				418B79E92AB2418B00B542D1 /* OrderItem.swift in Sources */,
				411C62432AB0FBE800BB4E78 /* RatingsView.swift in Sources */,
				41FED99E2AB4E3910072DB74 /* OrderItemView.swift in Sources */,
				411C623B2AB0F45400BB4E78 /* MenuRowView.swift in Sources */,
				411C623F2AB0F46B00BB4E78 /* OrderRowView.swift in Sources */,
				418B79EB2AB2419B00B542D1 /* MenuModel.swift in Sources */,
				41FED9C22AB8DACD0072DB74 /* MenuView2.swift in Sources */,
				41FED99C2AB4E17C0072DB74 /* StatusBarView.swift in Sources */,
				41FED9A22AB4EBF40072DB74 /* MenuGridView.swift in Sources */,
				418B79E72AB2417D00B542D1 /* MenuItem.swift in Sources */,
				41FED9C62AB8ED6D0072DB74 /* MenuView3.swift in Sources */,
				41FED9A62AB88A710072DB74 /* OrderDetailView.swift in Sources */,
				411C62292AB0EDE900BB4E78 /* HuluPizzaApp.swift in Sources */,
				41FED9A02AB4EBD40072DB74 /* MenuItemTileView.swift in Sources */,
				411C62412AB0F47700BB4E78 /* HeaderView.swift in Sources */,
			);
			runOnlyForDeploymentPostprocessing = 0;
		};
/* End PBXSourcesBuildPhase section */

/* Begin XCBuildConfiguration section */
		411C62312AB0EDEA00BB4E78 /* Debug */ = {
			isa = XCBuildConfiguration;
			buildSettings = {
				ALWAYS_SEARCH_USER_PATHS = NO;
				CLANG_ANALYZER_NONNULL = YES;
				CLANG_ANALYZER_NUMBER_OBJECT_CONVERSION = YES_AGGRESSIVE;
				CLANG_CXX_LANGUAGE_STANDARD = "gnu++20";
				CLANG_ENABLE_MODULES = YES;
				CLANG_ENABLE_OBJC_ARC = YES;
				CLANG_ENABLE_OBJC_WEAK = YES;
				CLANG_WARN_BLOCK_CAPTURE_AUTORELEASING = YES;
				CLANG_WARN_BOOL_CONVERSION = YES;
				CLANG_WARN_COMMA = YES;
				CLANG_WARN_CONSTANT_CONVERSION = YES;
				CLANG_WARN_DEPRECATED_OBJC_IMPLEMENTATIONS = YES;
				CLANG_WARN_DIRECT_OBJC_ISA_USAGE = YES_ERROR;
				CLANG_WARN_DOCUMENTATION_COMMENTS = YES;
				CLANG_WARN_EMPTY_BODY = YES;
				CLANG_WARN_ENUM_CONVERSION = YES;
				CLANG_WARN_INFINITE_RECURSION = YES;
				CLANG_WARN_INT_CONVERSION = YES;
				CLANG_WARN_NON_LITERAL_NULL_CONVERSION = YES;
				CLANG_WARN_OBJC_IMPLICIT_RETAIN_SELF = YES;
				CLANG_WARN_OBJC_LITERAL_CONVERSION = YES;
				CLANG_WARN_OBJC_ROOT_CLASS = YES_ERROR;
				CLANG_WARN_QUOTED_INCLUDE_IN_FRAMEWORK_HEADER = YES;
				CLANG_WARN_RANGE_LOOP_ANALYSIS = YES;
				CLANG_WARN_STRICT_PROTOTYPES = YES;
				CLANG_WARN_SUSPICIOUS_MOVE = YES;
				CLANG_WARN_UNGUARDED_AVAILABILITY = YES_AGGRESSIVE;
				CLANG_WARN_UNREACHABLE_CODE = YES;
				CLANG_WARN__DUPLICATE_METHOD_MATCH = YES;
				COPY_PHASE_STRIP = NO;
				DEBUG_INFORMATION_FORMAT = dwarf;
				ENABLE_STRICT_OBJC_MSGSEND = YES;
				ENABLE_TESTABILITY = YES;
				GCC_C_LANGUAGE_STANDARD = gnu11;
				GCC_DYNAMIC_NO_PIC = NO;
				GCC_NO_COMMON_BLOCKS = YES;
				GCC_OPTIMIZATION_LEVEL = 0;
				GCC_PREPROCESSOR_DEFINITIONS = (
					"DEBUG=1",
					"$(inherited)",
				);
				GCC_WARN_64_TO_32_BIT_CONVERSION = YES;
				GCC_WARN_ABOUT_RETURN_TYPE = YES_ERROR;
				GCC_WARN_UNDECLARED_SELECTOR = YES;
				GCC_WARN_UNINITIALIZED_AUTOS = YES_AGGRESSIVE;
				GCC_WARN_UNUSED_FUNCTION = YES;
				GCC_WARN_UNUSED_VARIABLE = YES;
				IPHONEOS_DEPLOYMENT_TARGET = 16.4;
				MTL_ENABLE_DEBUG_INFO = INCLUDE_SOURCE;
				MTL_FAST_MATH = YES;
				ONLY_ACTIVE_ARCH = YES;
				SDKROOT = iphoneos;
				SWIFT_ACTIVE_COMPILATION_CONDITIONS = DEBUG;
				SWIFT_OPTIMIZATION_LEVEL = "-Onone";
			};
			name = Debug;
		};
		411C62322AB0EDEA00BB4E78 /* Release */ = {
			isa = XCBuildConfiguration;
			buildSettings = {
				ALWAYS_SEARCH_USER_PATHS = NO;
				CLANG_ANALYZER_NONNULL = YES;
				CLANG_ANALYZER_NUMBER_OBJECT_CONVERSION = YES_AGGRESSIVE;
				CLANG_CXX_LANGUAGE_STANDARD = "gnu++20";
				CLANG_ENABLE_MODULES = YES;
				CLANG_ENABLE_OBJC_ARC = YES;
				CLANG_ENABLE_OBJC_WEAK = YES;
				CLANG_WARN_BLOCK_CAPTURE_AUTORELEASING = YES;
				CLANG_WARN_BOOL_CONVERSION = YES;
				CLANG_WARN_COMMA = YES;
				CLANG_WARN_CONSTANT_CONVERSION = YES;
				CLANG_WARN_DEPRECATED_OBJC_IMPLEMENTATIONS = YES;
				CLANG_WARN_DIRECT_OBJC_ISA_USAGE = YES_ERROR;
				CLANG_WARN_DOCUMENTATION_COMMENTS = YES;
				CLANG_WARN_EMPTY_BODY = YES;
				CLANG_WARN_ENUM_CONVERSION = YES;
				CLANG_WARN_INFINITE_RECURSION = YES;
				CLANG_WARN_INT_CONVERSION = YES;
				CLANG_WARN_NON_LITERAL_NULL_CONVERSION = YES;
				CLANG_WARN_OBJC_IMPLICIT_RETAIN_SELF = YES;
				CLANG_WARN_OBJC_LITERAL_CONVERSION = YES;
				CLANG_WARN_OBJC_ROOT_CLASS = YES_ERROR;
				CLANG_WARN_QUOTED_INCLUDE_IN_FRAMEWORK_HEADER = YES;
				CLANG_WARN_RANGE_LOOP_ANALYSIS = YES;
				CLANG_WARN_STRICT_PROTOTYPES = YES;
				CLANG_WARN_SUSPICIOUS_MOVE = YES;
				CLANG_WARN_UNGUARDED_AVAILABILITY = YES_AGGRESSIVE;
				CLANG_WARN_UNREACHABLE_CODE = YES;
				CLANG_WARN__DUPLICATE_METHOD_MATCH = YES;
				COPY_PHASE_STRIP = NO;
				DEBUG_INFORMATION_FORMAT = "dwarf-with-dsym";
				ENABLE_NS_ASSERTIONS = NO;
				ENABLE_STRICT_OBJC_MSGSEND = YES;
				GCC_C_LANGUAGE_STANDARD = gnu11;
				GCC_NO_COMMON_BLOCKS = YES;
				GCC_WARN_64_TO_32_BIT_CONVERSION = YES;
				GCC_WARN_ABOUT_RETURN_TYPE = YES_ERROR;
				GCC_WARN_UNDECLARED_SELECTOR = YES;
				GCC_WARN_UNINITIALIZED_AUTOS = YES_AGGRESSIVE;
				GCC_WARN_UNUSED_FUNCTION = YES;
				GCC_WARN_UNUSED_VARIABLE = YES;
				IPHONEOS_DEPLOYMENT_TARGET = 16.4;
				MTL_ENABLE_DEBUG_INFO = NO;
				MTL_FAST_MATH = YES;
				SDKROOT = iphoneos;
				SWIFT_COMPILATION_MODE = wholemodule;
				SWIFT_OPTIMIZATION_LEVEL = "-O";
				VALIDATE_PRODUCT = YES;
			};
			name = Release;
		};
		411C62342AB0EDEA00BB4E78 /* Debug */ = {
			isa = XCBuildConfiguration;
			buildSettings = {
				ASSETCATALOG_COMPILER_APPICON_NAME = AppIcon;
				ASSETCATALOG_COMPILER_GLOBAL_ACCENT_COLOR_NAME = AccentColor;
				CODE_SIGN_STYLE = Automatic;
				CURRENT_PROJECT_VERSION = 1;
				DEVELOPMENT_ASSET_PATHS = "\"HuluPizza/Preview Content\"";
				DEVELOPMENT_TEAM = KEY72ZG462;
				ENABLE_PREVIEWS = YES;
				GENERATE_INFOPLIST_FILE = YES;
				INFOPLIST_KEY_UIApplicationSceneManifest_Generation = YES;
				INFOPLIST_KEY_UIApplicationSupportsIndirectInputEvents = YES;
				INFOPLIST_KEY_UILaunchScreen_Generation = YES;
				INFOPLIST_KEY_UISupportedInterfaceOrientations_iPad = "UIInterfaceOrientationPortrait UIInterfaceOrientationPortraitUpsideDown UIInterfaceOrientationLandscapeLeft UIInterfaceOrientationLandscapeRight";
				INFOPLIST_KEY_UISupportedInterfaceOrientations_iPhone = "UIInterfaceOrientationPortrait UIInterfaceOrientationLandscapeLeft UIInterfaceOrientationLandscapeRight";
				LD_RUNPATH_SEARCH_PATHS = (
					"$(inherited)",
					"@executable_path/Frameworks",
				);
				MARKETING_VERSION = 1.0;
				PRODUCT_BUNDLE_IDENTIFIER = exxonmobil.HuluPizza;
				PRODUCT_NAME = "$(TARGET_NAME)";
				SWIFT_EMIT_LOC_STRINGS = YES;
				SWIFT_VERSION = 5.0;
				TARGETED_DEVICE_FAMILY = "1,2";
			};
			name = Debug;
		};
		411C62352AB0EDEA00BB4E78 /* Release */ = {
			isa = XCBuildConfiguration;
			buildSettings = {
				ASSETCATALOG_COMPILER_APPICON_NAME = AppIcon;
				ASSETCATALOG_COMPILER_GLOBAL_ACCENT_COLOR_NAME = AccentColor;
				CODE_SIGN_STYLE = Automatic;
				CURRENT_PROJECT_VERSION = 1;
				DEVELOPMENT_ASSET_PATHS = "\"HuluPizza/Preview Content\"";
				DEVELOPMENT_TEAM = KEY72ZG462;
				ENABLE_PREVIEWS = YES;
				GENERATE_INFOPLIST_FILE = YES;
				INFOPLIST_KEY_UIApplicationSceneManifest_Generation = YES;
				INFOPLIST_KEY_UIApplicationSupportsIndirectInputEvents = YES;
				INFOPLIST_KEY_UILaunchScreen_Generation = YES;
				INFOPLIST_KEY_UISupportedInterfaceOrientations_iPad = "UIInterfaceOrientationPortrait UIInterfaceOrientationPortraitUpsideDown UIInterfaceOrientationLandscapeLeft UIInterfaceOrientationLandscapeRight";
				INFOPLIST_KEY_UISupportedInterfaceOrientations_iPhone = "UIInterfaceOrientationPortrait UIInterfaceOrientationLandscapeLeft UIInterfaceOrientationLandscapeRight";
				LD_RUNPATH_SEARCH_PATHS = (
					"$(inherited)",
					"@executable_path/Frameworks",
				);
				MARKETING_VERSION = 1.0;
				PRODUCT_BUNDLE_IDENTIFIER = exxonmobil.HuluPizza;
				PRODUCT_NAME = "$(TARGET_NAME)";
				SWIFT_EMIT_LOC_STRINGS = YES;
				SWIFT_VERSION = 5.0;
				TARGETED_DEVICE_FAMILY = "1,2";
			};
			name = Release;
		};
/* End XCBuildConfiguration section */

/* Begin XCConfigurationList section */
		411C62202AB0EDE900BB4E78 /* Build configuration list for PBXProject "HuluPizza" */ = {
			isa = XCConfigurationList;
			buildConfigurations = (
				411C62312AB0EDEA00BB4E78 /* Debug */,
				411C62322AB0EDEA00BB4E78 /* Release */,
			);
			defaultConfigurationIsVisible = 0;
			defaultConfigurationName = Release;
		};
		411C62332AB0EDEA00BB4E78 /* Build configuration list for PBXNativeTarget "HuluPizza" */ = {
			isa = XCConfigurationList;
			buildConfigurations = (
				411C62342AB0EDEA00BB4E78 /* Debug */,
				411C62352AB0EDEA00BB4E78 /* Release */,
			);
			defaultConfigurationIsVisible = 0;
			defaultConfigurationName = Release;
		};
/* End XCConfigurationList section */
	};
	rootObject = 411C621D2AB0EDE900BB4E78 /* Project object */;
}
